
Microsoft Visual Studio Solution File, Format Version 12.00
# Visual Studio 2012
Project("{2150E333-8FDC-42A3-9474-1A3956D46DE8}") = "Solution Items", "Solution Items", "{4B972AE3-0408-407F-8A0F-71A5EF65FC97}"
	ProjectSection(SolutionItems) = preProject
		IntegrationTests.testrunconfig = IntegrationTests.testrunconfig
		IntegrationTests.testsettings = IntegrationTests.testsettings
		UnitTests.testrunconfig = UnitTests.testrunconfig
		UnitTests.testsettings = UnitTests.testsettings
	EndProjectSection
EndProject
Project("{FAE04EC0-301F-11D3-BF4B-00C04F79EFBC}") = "XamlImageConverter", "XamlImageConverter\XamlImageConverter.csproj", "{C5DC3841-241B-4398-9BBD-73383E8497A2}"
EndProject
Project("{FAE04EC0-301F-11D3-BF4B-00C04F79EFBC}") = "XamlImageConverter.Exe", "XamlImageConverter.Exe\XamlImageConverter.Exe.csproj", "{4218E2D3-56FD-4270-8F65-398E3D5EE899}"
EndProject
Project("{FAE04EC0-301F-11D3-BF4B-00C04F79EFBC}") = "XamlImageConverter.ItemWizard", "XamlImageConverter.ItemWizard\XamlImageConverter.ItemWizard.csproj", "{853DB47F-710F-453D-A21E-E8D88FAC9EDB}"
EndProject
Project("{FAE04EC0-301F-11D3-BF4B-00C04F79EFBC}") = "XamlImageConverter.Web", "XamlImageConverter.Web\XamlImageConverter.Web.csproj", "{FCD85ABB-B282-409F-BEB8-64E4A979F18A}"
EndProject
Project("{FAE04EC0-301F-11D3-BF4B-00C04F79EFBC}") = "XamlImageConverter.Test.Web", "XamlImageConverter.Test.Web\XamlImageConverter.Test.Web.csproj", "{442368E9-358C-48AC-987A-C94D3C5EE767}"
EndProject
Project("{FAE04EC0-301F-11D3-BF4B-00C04F79EFBC}") = "XamlImageConverter.VSIX", "XamlImageConverter.VSIX\XamlImageConverter.VSIX.csproj", "{DBCE3A50-EEF6-471D-89C8-CCE2A1134E1D}"
EndProject
Global
	GlobalSection(SolutionConfigurationPlatforms) = preSolution
		Debug|Any CPU = Debug|Any CPU
		Debug|Mixed Platforms = Debug|Mixed Platforms
		Debug|x86 = Debug|x86
		Release|Any CPU = Release|Any CPU
		Release|Mixed Platforms = Release|Mixed Platforms
		Release|x86 = Release|x86
	EndGlobalSection
	GlobalSection(ProjectConfigurationPlatforms) = postSolution
		{C5DC3841-241B-4398-9BBD-73383E8497A2}.Debug|Any CPU.ActiveCfg = Debug|Any CPU
		{C5DC3841-241B-4398-9BBD-73383E8497A2}.Debug|Any CPU.Build.0 = Debug|Any CPU
		{C5DC3841-241B-4398-9BBD-73383E8497A2}.Debug|Mixed Platforms.ActiveCfg = Debug|Any CPU
		{C5DC3841-241B-4398-9BBD-73383E8497A2}.Debug|Mixed Platforms.Build.0 = Debug|Any CPU
		{C5DC3841-241B-4398-9BBD-73383E8497A2}.Debug|x86.ActiveCfg = Debug|Any CPU
		{C5DC3841-241B-4398-9BBD-73383E8497A2}.Release|Any CPU.ActiveCfg = Release|Any CPU
		{C5DC3841-241B-4398-9BBD-73383E8497A2}.Release|Any CPU.Build.0 = Release|Any CPU
		{C5DC3841-241B-4398-9BBD-73383E8497A2}.Release|Mixed Platforms.ActiveCfg = Release|Any CPU
		{C5DC3841-241B-4398-9BBD-73383E8497A2}.Release|Mixed Platforms.Build.0 = Release|Any CPU
		{C5DC3841-241B-4398-9BBD-73383E8497A2}.Release|x86.ActiveCfg = Release|Any CPU
		{4218E2D3-56FD-4270-8F65-398E3D5EE899}.Debug|Any CPU.ActiveCfg = Debug|Any CPU
		{4218E2D3-56FD-4270-8F65-398E3D5EE899}.Debug|Any CPU.Build.0 = Debug|Any CPU
		{4218E2D3-56FD-4270-8F65-398E3D5EE899}.Debug|Mixed Platforms.ActiveCfg = Debug|Any CPU
		{4218E2D3-56FD-4270-8F65-398E3D5EE899}.Debug|Mixed Platforms.Build.0 = Debug|Any CPU
		{4218E2D3-56FD-4270-8F65-398E3D5EE899}.Debug|x86.ActiveCfg = Debug|Any CPU
		{4218E2D3-56FD-4270-8F65-398E3D5EE899}.Release|Any CPU.ActiveCfg = Release|Any CPU
		{4218E2D3-56FD-4270-8F65-398E3D5EE899}.Release|Any CPU.Build.0 = Release|Any CPU
		{4218E2D3-56FD-4270-8F65-398E3D5EE899}.Release|Mixed Platforms.ActiveCfg = Release|Any CPU
		{4218E2D3-56FD-4270-8F65-398E3D5EE899}.Release|Mixed Platforms.Build.0 = Release|Any CPU
		{4218E2D3-56FD-4270-8F65-398E3D5EE899}.Release|x86.ActiveCfg = Release|Any CPU
		{853DB47F-710F-453D-A21E-E8D88FAC9EDB}.Debug|Any CPU.ActiveCfg = Debug|Any CPU
		{853DB47F-710F-453D-A21E-E8D88FAC9EDB}.Debug|Any CPU.Build.0 = Debug|Any CPU
		{853DB47F-710F-453D-A21E-E8D88FAC9EDB}.Debug|Mixed Platforms.ActiveCfg = Debug|Any CPU
		{853DB47F-710F-453D-A21E-E8D88FAC9EDB}.Debug|Mixed Platforms.Build.0 = Debug|Any CPU
		{853DB47F-710F-453D-A21E-E8D88FAC9EDB}.Debug|x86.ActiveCfg = Debug|Any CPU
		{853DB47F-710F-453D-A21E-E8D88FAC9EDB}.Release|Any CPU.ActiveCfg = Release|Any CPU
		{853DB47F-710F-453D-A21E-E8D88FAC9EDB}.Release|Any CPU.Build.0 = Release|Any CPU
		{853DB47F-710F-453D-A21E-E8D88FAC9EDB}.Release|Mixed Platforms.ActiveCfg = Release|Any CPU
		{853DB47F-710F-453D-A21E-E8D88FAC9EDB}.Release|Mixed Platforms.Build.0 = Release|Any CPU
		{853DB47F-710F-453D-A21E-E8D88FAC9EDB}.Release|x86.ActiveCfg = Release|Any CPU
		{FCD85ABB-B282-409F-BEB8-64E4A979F18A}.Debug|Any CPU.ActiveCfg = Debug|Any CPU
		{FCD85ABB-B282-409F-BEB8-64E4A979F18A}.Debug|Any CPU.Build.0 = Debug|Any CPU
		{FCD85ABB-B282-409F-BEB8-64E4A979F18A}.Debug|Mixed Platforms.ActiveCfg = Debug|Any CPU
		{FCD85ABB-B282-409F-BEB8-64E4A979F18A}.Debug|Mixed Platforms.Build.0 = Debug|Any CPU
		{FCD85ABB-B282-409F-BEB8-64E4A979F18A}.Debug|x86.ActiveCfg = Debug|Any CPU
		{FCD85ABB-B282-409F-BEB8-64E4A979F18A}.Release|Any CPU.ActiveCfg = Release|Any CPU
		{FCD85ABB-B282-409F-BEB8-64E4A979F18A}.Release|Any CPU.Build.0 = Release|Any CPU
		{FCD85ABB-B282-409F-BEB8-64E4A979F18A}.Release|Mixed Platforms.ActiveCfg = Release|Any CPU
		{FCD85ABB-B282-409F-BEB8-64E4A979F18A}.Release|Mixed Platforms.Build.0 = Release|Any CPU
		{FCD85ABB-B282-409F-BEB8-64E4A979F18A}.Release|x86.ActiveCfg = Release|Any CPU
		{442368E9-358C-48AC-987A-C94D3C5EE767}.Debug|Any CPU.ActiveCfg = Debug|Any CPU
		{442368E9-358C-48AC-987A-C94D3C5EE767}.Debug|Any CPU.Build.0 = Debug|Any CPU
		{442368E9-358C-48AC-987A-C94D3C5EE767}.Debug|Mixed Platforms.ActiveCfg = Debug|Any CPU
		{442368E9-358C-48AC-987A-C94D3C5EE767}.Debug|Mixed Platforms.Build.0 = Debug|Any CPU
		{442368E9-358C-48AC-987A-C94D3C5EE767}.Debug|x86.ActiveCfg = Debug|Any CPU
		{442368E9-358C-48AC-987A-C94D3C5EE767}.Release|Any CPU.ActiveCfg = Release|Any CPU
		{442368E9-358C-48AC-987A-C94D3C5EE767}.Release|Any CPU.Build.0 = Release|Any CPU
		{442368E9-358C-48AC-987A-C94D3C5EE767}.Release|Mixed Platforms.ActiveCfg = Release|Any CPU
		{442368E9-358C-48AC-987A-C94D3C5EE767}.Release|Mixed Platforms.Build.0 = Release|Any CPU
		{442368E9-358C-48AC-987A-C94D3C5EE767}.Release|x86.ActiveCfg = Release|Any CPU
		{DBCE3A50-EEF6-471D-89C8-CCE2A1134E1D}.Debug|Any CPU.ActiveCfg = Debug|Any CPU
		{DBCE3A50-EEF6-471D-89C8-CCE2A1134E1D}.Debug|Any CPU.Build.0 = Debug|Any CPU
		{DBCE3A50-EEF6-471D-89C8-CCE2A1134E1D}.Debug|Mixed Platforms.ActiveCfg = Debug|Any CPU
		{DBCE3A50-EEF6-471D-89C8-CCE2A1134E1D}.Debug|Mixed Platforms.Build.0 = Debug|Any CPU
		{DBCE3A50-EEF6-471D-89C8-CCE2A1134E1D}.Debug|x86.ActiveCfg = Debug|Any CPU
		{DBCE3A50-EEF6-471D-89C8-CCE2A1134E1D}.Release|Any CPU.ActiveCfg = Release|Any CPU
		{DBCE3A50-EEF6-471D-89C8-CCE2A1134E1D}.Release|Any CPU.Build.0 = Release|Any CPU
		{DBCE3A50-EEF6-471D-89C8-CCE2A1134E1D}.Release|Mixed Platforms.ActiveCfg = Release|Any CPU
		{DBCE3A50-EEF6-471D-89C8-CCE2A1134E1D}.Release|Mixed Platforms.Build.0 = Release|Any CPU
		{DBCE3A50-EEF6-471D-89C8-CCE2A1134E1D}.Release|x86.ActiveCfg = Release|Any CPU
	EndGlobalSection
	GlobalSection(SolutionProperties) = preSolution
		HideSolutionNode = FALSE
	EndGlobalSection
EndGlobal
